%{"benchfella": {:hex, :benchfella, "0.2.1"},
  "coverex": {:hex, :coverex, "1.4.1"},
  "dialyze": {:hex, :dialyze, "0.2.0"},
  "earmark": {:hex, :earmark, "0.1.17"},
  "ex_doc": {:hex, :ex_doc, "0.7.3"},
  "hackney": {:hex, :hackney, "1.2.0"},
  "httpoison": {:hex, :httpoison, "0.7.0"},
  "idna": {:hex, :idna, "1.0.2"},
  "monad": {:hex, :monad, "1.0.4"},
  "poison": {:hex, :poison, "1.4.0"},
  "ssl_verify_hostname": {:hex, :ssl_verify_hostname, "1.0.5"}}
